
Microsoft Visual Studio Solution File, Format Version 12.00
# Visual Studio 15
VisualStudioVersion = 15.0.28010.2003
MinimumVisualStudioVersion = 10.0.40219.1
Project("{FAE04EC0-301F-11D3-BF4B-00C04F79EFBC}") = "SingletonProvider", "SingletonProvider\SingletonProvider.csproj", "{C4AB3795-4667-4C5F-8968-32E09456CFE7}"
EndProject
Project("{FAE04EC0-301F-11D3-BF4B-00C04F79EFBC}") = "SingletonProvider.Tests", "SingletonProvider.Tests\SingletonProvider.Tests.csproj", "{3662C8AA-9B14-49E6-B26A-88C3135C39D9}"
EndProject
Global
	GlobalSection(SolutionConfigurationPlatforms) = preSolution
		Debug|Any CPU = Debug|Any CPU
		Release|Any CPU = Release|Any CPU
	EndGlobalSection
	GlobalSection(ProjectConfigurationPlatforms) = postSolution
		{C4AB3795-4667-4C5F-8968-32E09456CFE7}.Debug|Any CPU.ActiveCfg = Debug|Any CPU
		{C4AB3795-4667-4C5F-8968-32E09456CFE7}.Debug|Any CPU.Build.0 = Debug|Any CPU
		{C4AB3795-4667-4C5F-8968-32E09456CFE7}.Release|Any CPU.ActiveCfg = Release|Any CPU
		{C4AB3795-4667-4C5F-8968-32E09456CFE7}.Release|Any CPU.Build.0 = Release|Any CPU
		{3662C8AA-9B14-49E6-B26A-88C3135C39D9}.Debug|Any CPU.ActiveCfg = Debug|Any CPU
		{3662C8AA-9B14-49E6-B26A-88C3135C39D9}.Debug|Any CPU.Build.0 = Debug|Any CPU
		{3662C8AA-9B14-49E6-B26A-88C3135C39D9}.Release|Any CPU.ActiveCfg = Release|Any CPU
		{3662C8AA-9B14-49E6-B26A-88C3135C39D9}.Release|Any CPU.Build.0 = Release|Any CPU
	EndGlobalSection
	GlobalSection(SolutionProperties) = preSolution
		HideSolutionNode = FALSE
	EndGlobalSection
	GlobalSection(ExtensibilityGlobals) = postSolution
		SolutionGuid = {F23F98E2-F6BE-4727-A5F0-187F417B0C36}
	EndGlobalSection
EndGlobal
